
Microsoft Visual Studio Solution File, Format Version 12.00
# Visual Studio Version 16
VisualStudioVersion = 16.0.31729.503
MinimumVisualStudioVersion = 10.0.40219.1
Project("{FAE04EC0-301F-11D3-BF4B-00C04F79EFBC}") = "WpfApp5", "WpfApp5\WpfApp5.csproj", "{CF31A797-72EB-4FBE-9E5A-E23D9949776A}"
EndProject
Global
	GlobalSection(SolutionConfigurationPlatforms) = preSolution
		Debug|Any CPU = Debug|Any CPU
		Release|Any CPU = Release|Any CPU
	EndGlobalSection
	GlobalSection(ProjectConfigurationPlatforms) = postSolution
		{CF31A797-72EB-4FBE-9E5A-E23D9949776A}.Debug|Any CPU.ActiveCfg = Debug|Any CPU
		{CF31A797-72EB-4FBE-9E5A-E23D9949776A}.Debug|Any CPU.Build.0 = Debug|Any CPU
		{CF31A797-72EB-4FBE-9E5A-E23D9949776A}.Release|Any CPU.ActiveCfg = Release|Any CPU
		{CF31A797-72EB-4FBE-9E5A-E23D9949776A}.Release|Any CPU.Build.0 = Release|Any CPU
	EndGlobalSection
	GlobalSection(SolutionProperties) = preSolution
		HideSolutionNode = FALSE
	EndGlobalSection
	GlobalSection(ExtensibilityGlobals) = postSolution
		SolutionGuid = {D45CC8A0-8DD2-4CF0-8866-6EE56CF8DD82}
	EndGlobalSection
EndGlobal
